
Microsoft Visual Studio Solution File, Format Version 12.00
# Visual Studio Version 17
VisualStudioVersion = 17.10.35122.118
MinimumVisualStudioVersion = 10.0.40219.1
Project("{8BC9CEB8-8B4A-11D0-8D11-00A0C91BC942}") = "OpenGLSpaceGame", "OpenGLSpaceGame\OpenGLSpaceGame.vcxproj", "{CDF2B78C-C523-4660-A6C4-B6869031DEDF}"
EndProject
Project("{8BC9CEB8-8B4A-11D0-8D11-00A0C91BC942}") = "OpenGLSpaceGameTests", "OpenGLSpaceGameTests\OpenGLSpaceGameTests.vcxproj", "{A7ABF694-27B2-4A34-9A46-A5DA747EBA55}"
EndProject
Global
	GlobalSection(SolutionConfigurationPlatforms) = preSolution
		Debug|x64 = Debug|x64
		Debug|x86 = Debug|x86
		Release|x64 = Release|x64
		Release|x86 = Release|x86
	EndGlobalSection
	GlobalSection(ProjectConfigurationPlatforms) = postSolution
		{CDF2B78C-C523-4660-A6C4-B6869031DEDF}.Debug|x64.ActiveCfg = Debug|x64
		{CDF2B78C-C523-4660-A6C4-B6869031DEDF}.Debug|x64.Build.0 = Debug|x64
		{CDF2B78C-C523-4660-A6C4-B6869031DEDF}.Debug|x86.ActiveCfg = Debug|Win32
		{CDF2B78C-C523-4660-A6C4-B6869031DEDF}.Debug|x86.Build.0 = Debug|Win32
		{CDF2B78C-C523-4660-A6C4-B6869031DEDF}.Release|x64.ActiveCfg = Release|x64
		{CDF2B78C-C523-4660-A6C4-B6869031DEDF}.Release|x64.Build.0 = Release|x64
		{CDF2B78C-C523-4660-A6C4-B6869031DEDF}.Release|x86.ActiveCfg = Release|Win32
		{CDF2B78C-C523-4660-A6C4-B6869031DEDF}.Release|x86.Build.0 = Release|Win32
		{A7ABF694-27B2-4A34-9A46-A5DA747EBA55}.Debug|x64.ActiveCfg = Debug|x64
		{A7ABF694-27B2-4A34-9A46-A5DA747EBA55}.Debug|x64.Build.0 = Debug|x64
		{A7ABF694-27B2-4A34-9A46-A5DA747EBA55}.Debug|x86.ActiveCfg = Debug|Win32
		{A7ABF694-27B2-4A34-9A46-A5DA747EBA55}.Debug|x86.Build.0 = Debug|Win32
		{A7ABF694-27B2-4A34-9A46-A5DA747EBA55}.Release|x64.ActiveCfg = Release|x64
		{A7ABF694-27B2-4A34-9A46-A5DA747EBA55}.Release|x64.Build.0 = Release|x64
		{A7ABF694-27B2-4A34-9A46-A5DA747EBA55}.Release|x86.ActiveCfg = Release|Win32
		{A7ABF694-27B2-4A34-9A46-A5DA747EBA55}.Release|x86.Build.0 = Release|Win32
	EndGlobalSection
	GlobalSection(SolutionProperties) = preSolution
		HideSolutionNode = FALSE
	EndGlobalSection
	GlobalSection(ExtensibilityGlobals) = postSolution
		SolutionGuid = {98D7D8E4-DE8E-445B-A406-8B9DCE211044}
	EndGlobalSection
EndGlobal
